// !$*UTF8*$!
{
	archiveVersion = 1;
	classes = {
	};
	objectVersion = 56;
	objects = {

/* Begin PBXBuildFile section */
		E9CE5F4D2B8DFFA000683B83 /* NewsApp.swift in Sources */ = {isa = PBXBuildFile; fileRef = E9CE5F4C2B8DFFA000683B83 /* NewsApp.swift */; };
		E9CE5F4F2B8DFFA000683B83 /* ContentView.swift in Sources */ = {isa = PBXBuildFile; fileRef = E9CE5F4E2B8DFFA000683B83 /* ContentView.swift */; };
		E9CE5F512B8DFFA200683B83 /* Assets.xcassets in Resources */ = {isa = PBXBuildFile; fileRef = E9CE5F502B8DFFA200683B83 /* Assets.xcassets */; };
		E9CE5F542B8DFFA200683B83 /* Preview Assets.xcassets in Resources */ = {isa = PBXBuildFile; fileRef = E9CE5F532B8DFFA200683B83 /* Preview Assets.xcassets */; };
		E9CE5F5B2B8E0B0900683B83 /* TabButtonView.swift in Sources */ = {isa = PBXBuildFile; fileRef = E9CE5F5A2B8E0B0900683B83 /* TabButtonView.swift */; };
		E9CE5F5D2B8E0DC500683B83 /* TabView.swift in Sources */ = {isa = PBXBuildFile; fileRef = E9CE5F5C2B8E0DC500683B83 /* TabView.swift */; };
		E9CE5F5F2B8E1A9900683B83 /* SkeletonImageView.swift in Sources */ = {isa = PBXBuildFile; fileRef = E9CE5F5E2B8E1A9900683B83 /* SkeletonImageView.swift */; };
		E9CE5F612B8E1D6100683B83 /* TopArticleView.swift in Sources */ = {isa = PBXBuildFile; fileRef = E9CE5F602B8E1D6100683B83 /* TopArticleView.swift */; };
		E9CE5F632B8E1DFF00683B83 /* TopArticlesListView.swift in Sources */ = {isa = PBXBuildFile; fileRef = E9CE5F622B8E1DFF00683B83 /* TopArticlesListView.swift */; };
		E9CE5F692B8E326B00683B83 /* NewsModel.swift in Sources */ = {isa = PBXBuildFile; fileRef = E9CE5F682B8E326B00683B83 /* NewsModel.swift */; };
/* End PBXBuildFile section */

/* Begin PBXFileReference section */
		E9CE5F492B8DFFA000683B83 /* News.app */ = {isa = PBXFileReference; explicitFileType = wrapper.application; includeInIndex = 0; path = News.app; sourceTree = BUILT_PRODUCTS_DIR; };
		E9CE5F4C2B8DFFA000683B83 /* NewsApp.swift */ = {isa = PBXFileReference; lastKnownFileType = sourcecode.swift; path = NewsApp.swift; sourceTree = "<group>"; };
		E9CE5F4E2B8DFFA000683B83 /* ContentView.swift */ = {isa = PBXFileReference; lastKnownFileType = sourcecode.swift; path = ContentView.swift; sourceTree = "<group>"; };
		E9CE5F502B8DFFA200683B83 /* Assets.xcassets */ = {isa = PBXFileReference; lastKnownFileType = folder.assetcatalog; path = Assets.xcassets; sourceTree = "<group>"; };
		E9CE5F532B8DFFA200683B83 /* Preview Assets.xcassets */ = {isa = PBXFileReference; lastKnownFileType = folder.assetcatalog; path = "Preview Assets.xcassets"; sourceTree = "<group>"; };
		E9CE5F5A2B8E0B0900683B83 /* TabButtonView.swift */ = {isa = PBXFileReference; lastKnownFileType = sourcecode.swift; path = TabButtonView.swift; sourceTree = "<group>"; };
		E9CE5F5C2B8E0DC500683B83 /* TabView.swift */ = {isa = PBXFileReference; lastKnownFileType = sourcecode.swift; path = TabView.swift; sourceTree = "<group>"; };
		E9CE5F5E2B8E1A9900683B83 /* SkeletonImageView.swift */ = {isa = PBXFileReference; lastKnownFileType = sourcecode.swift; path = SkeletonImageView.swift; sourceTree = "<group>"; };
		E9CE5F602B8E1D6100683B83 /* TopArticleView.swift */ = {isa = PBXFileReference; lastKnownFileType = sourcecode.swift; path = TopArticleView.swift; sourceTree = "<group>"; };
		E9CE5F622B8E1DFF00683B83 /* TopArticlesListView.swift */ = {isa = PBXFileReference; lastKnownFileType = sourcecode.swift; path = TopArticlesListView.swift; sourceTree = "<group>"; };
		E9CE5F682B8E326B00683B83 /* NewsModel.swift */ = {isa = PBXFileReference; lastKnownFileType = sourcecode.swift; path = NewsModel.swift; sourceTree = "<group>"; };
/* End PBXFileReference section */

/* Begin PBXFrameworksBuildPhase section */
		E9CE5F462B8DFFA000683B83 /* Frameworks */ = {
			isa = PBXFrameworksBuildPhase;
			buildActionMask = 2147483647;
			files = (
			);
			runOnlyForDeploymentPostprocessing = 0;
		};
/* End PBXFrameworksBuildPhase section */

/* Begin PBXGroup section */
		E9CE5F402B8DFFA000683B83 = {
			isa = PBXGroup;
			children = (
				E9CE5F4B2B8DFFA000683B83 /* News */,
				E9CE5F4A2B8DFFA000683B83 /* Products */,
			);
			sourceTree = "<group>";
		};
		E9CE5F4A2B8DFFA000683B83 /* Products */ = {
			isa = PBXGroup;
			children = (
				E9CE5F492B8DFFA000683B83 /* News.app */,
			);
			name = Products;
			sourceTree = "<group>";
		};
		E9CE5F4B2B8DFFA000683B83 /* News */ = {
			isa = PBXGroup;
			children = (
				E9CE5F4C2B8DFFA000683B83 /* NewsApp.swift */,
				E9CE5F4E2B8DFFA000683B83 /* ContentView.swift */,
				E9CE5F682B8E326B00683B83 /* NewsModel.swift */,
				E9CE5F502B8DFFA200683B83 /* Assets.xcassets */,
				E9CE5F622B8E1DFF00683B83 /* TopArticlesListView.swift */,
				E9CE5F602B8E1D6100683B83 /* TopArticleView.swift */,
				E9CE5F5E2B8E1A9900683B83 /* SkeletonImageView.swift */,
				E9CE5F5C2B8E0DC500683B83 /* TabView.swift */,
				E9CE5F5A2B8E0B0900683B83 /* TabButtonView.swift */,
				E9CE5F522B8DFFA200683B83 /* Preview Content */,
			);
			path = News;
			sourceTree = "<group>";
		};
		E9CE5F522B8DFFA200683B83 /* Preview Content */ = {
			isa = PBXGroup;
			children = (
				E9CE5F532B8DFFA200683B83 /* Preview Assets.xcassets */,
			);
			path = "Preview Content";
			sourceTree = "<group>";
		};
/* End PBXGroup section */

/* Begin PBXNativeTarget section */
		E9CE5F482B8DFFA000683B83 /* News */ = {
			isa = PBXNativeTarget;
			buildConfigurationList = E9CE5F572B8DFFA200683B83 /* Build configuration list for PBXNativeTarget "News" */;
			buildPhases = (
				E9CE5F452B8DFFA000683B83 /* Sources */,
				E9CE5F462B8DFFA000683B83 /* Frameworks */,
				E9CE5F472B8DFFA000683B83 /* Resources */,
			);
			buildRules = (
			);
			dependencies = (
			);
			name = News;
			productName = News;
			productReference = E9CE5F492B8DFFA000683B83 /* News.app */;
			productType = "com.apple.product-type.application";
		};
/* End PBXNativeTarget section */

/* Begin PBXProject section */
		E9CE5F412B8DFFA000683B83 /* Project object */ = {
			isa = PBXProject;
			attributes = {
				BuildIndependentTargetsInParallel = 1;
				LastSwiftUpdateCheck = 1510;
				LastUpgradeCheck = 1510;
				TargetAttributes = {
					E9CE5F482B8DFFA000683B83 = {
						CreatedOnToolsVersion = 15.1;
					};
				};
			};
			buildConfigurationList = E9CE5F442B8DFFA000683B83 /* Build configuration list for PBXProject "News" */;
			compatibilityVersion = "Xcode 14.0";
			developmentRegion = en;
			hasScannedForEncodings = 0;
			knownRegions = (
				en,
				Base,
			);
			mainGroup = E9CE5F402B8DFFA000683B83;
			productRefGroup = E9CE5F4A2B8DFFA000683B83 /* Products */;
			projectDirPath = "";
			projectRoot = "";
			targets = (
				E9CE5F482B8DFFA000683B83 /* News */,
			);
		};
/* End PBXProject section */

/* Begin PBXResourcesBuildPhase section */
		E9CE5F472B8DFFA000683B83 /* Resources */ = {
			isa = PBXResourcesBuildPhase;
			buildActionMask = 2147483647;
			files = (
				E9CE5F542B8DFFA200683B83 /* Preview Assets.xcassets in Resources */,
				E9CE5F512B8DFFA200683B83 /* Assets.xcassets in Resources */,
			);
			runOnlyForDeploymentPostprocessing = 0;
		};
/* End PBXResourcesBuildPhase section */

/* Begin PBXSourcesBuildPhase section */
		E9CE5F452B8DFFA000683B83 /* Sources */ = {
			isa = PBXSourcesBuildPhase;
			buildActionMask = 2147483647;
			files = (
				E9CE5F4F2B8DFFA000683B83 /* ContentView.swift in Sources */,
				E9CE5F612B8E1D6100683B83 /* TopArticleView.swift in Sources */,
				E9CE5F4D2B8DFFA000683B83 /* NewsApp.swift in Sources */,
				E9CE5F5B2B8E0B0900683B83 /* TabButtonView.swift in Sources */,
				E9CE5F692B8E326B00683B83 /* NewsModel.swift in Sources */,
				E9CE5F632B8E1DFF00683B83 /* TopArticlesListView.swift in Sources */,
				E9CE5F5F2B8E1A9900683B83 /* SkeletonImageView.swift in Sources */,
				E9CE5F5D2B8E0DC500683B83 /* TabView.swift in Sources */,
			);
			runOnlyForDeploymentPostprocessing = 0;
		};
/* End PBXSourcesBuildPhase section */

/* Begin XCBuildConfiguration section */
		E9CE5F552B8DFFA200683B83 /* Debug */ = {
			isa = XCBuildConfiguration;
			buildSettings = {
				ALWAYS_SEARCH_USER_PATHS = NO;
				ASSETCATALOG_COMPILER_GENERATE_SWIFT_ASSET_SYMBOL_EXTENSIONS = YES;
				CLANG_ANALYZER_NONNULL = YES;
				CLANG_ANALYZER_NUMBER_OBJECT_CONVERSION = YES_AGGRESSIVE;
				CLANG_CXX_LANGUAGE_STANDARD = "gnu++20";
				CLANG_ENABLE_MODULES = YES;
				CLANG_ENABLE_OBJC_ARC = YES;
				CLANG_ENABLE_OBJC_WEAK = YES;
				CLANG_WARN_BLOCK_CAPTURE_AUTORELEASING = YES;
				CLANG_WARN_BOOL_CONVERSION = YES;
				CLANG_WARN_COMMA = YES;
				CLANG_WARN_CONSTANT_CONVERSION = YES;
				CLANG_WARN_DEPRECATED_OBJC_IMPLEMENTATIONS = YES;
				CLANG_WARN_DIRECT_OBJC_ISA_USAGE = YES_ERROR;
				CLANG_WARN_DOCUMENTATION_COMMENTS = YES;
				CLANG_WARN_EMPTY_BODY = YES;
				CLANG_WARN_ENUM_CONVERSION = YES;
				CLANG_WARN_INFINITE_RECURSION = YES;
				CLANG_WARN_INT_CONVERSION = YES;
				CLANG_WARN_NON_LITERAL_NULL_CONVERSION = YES;
				CLANG_WARN_OBJC_IMPLICIT_RETAIN_SELF = YES;
				CLANG_WARN_OBJC_LITERAL_CONVERSION = YES;
				CLANG_WARN_OBJC_ROOT_CLASS = YES_ERROR;
				CLANG_WARN_QUOTED_INCLUDE_IN_FRAMEWORK_HEADER = YES;
				CLANG_WARN_RANGE_LOOP_ANALYSIS = YES;
				CLANG_WARN_STRICT_PROTOTYPES = YES;
				CLANG_WARN_SUSPICIOUS_MOVE = YES;
				CLANG_WARN_UNGUARDED_AVAILABILITY = YES_AGGRESSIVE;
				CLANG_WARN_UNREACHABLE_CODE = YES;
				CLANG_WARN__DUPLICATE_METHOD_MATCH = YES;
				COPY_PHASE_STRIP = NO;
				DEBUG_INFORMATION_FORMAT = dwarf;
				ENABLE_STRICT_OBJC_MSGSEND = YES;
				ENABLE_TESTABILITY = YES;
				ENABLE_USER_SCRIPT_SANDBOXING = YES;
				GCC_C_LANGUAGE_STANDARD = gnu17;
				GCC_DYNAMIC_NO_PIC = NO;
				GCC_NO_COMMON_BLOCKS = YES;
				GCC_OPTIMIZATION_LEVEL = 0;
				GCC_PREPROCESSOR_DEFINITIONS = (
					"DEBUG=1",
					"$(inherited)",
				);
				GCC_WARN_64_TO_32_BIT_CONVERSION = YES;
				GCC_WARN_ABOUT_RETURN_TYPE = YES_ERROR;
				GCC_WARN_UNDECLARED_SELECTOR = YES;
				GCC_WARN_UNINITIALIZED_AUTOS = YES_AGGRESSIVE;
				GCC_WARN_UNUSED_FUNCTION = YES;
				GCC_WARN_UNUSED_VARIABLE = YES;
				IPHONEOS_DEPLOYMENT_TARGET = 17.2;
				LOCALIZATION_PREFERS_STRING_CATALOGS = YES;
				MTL_ENABLE_DEBUG_INFO = INCLUDE_SOURCE;
				MTL_FAST_MATH = YES;
				ONLY_ACTIVE_ARCH = YES;
				SDKROOT = iphoneos;
				SWIFT_ACTIVE_COMPILATION_CONDITIONS = "DEBUG $(inherited)";
				SWIFT_OPTIMIZATION_LEVEL = "-Onone";
			};
			name = Debug;
		};
		E9CE5F562B8DFFA200683B83 /* Release */ = {
			isa = XCBuildConfiguration;
			buildSettings = {
				ALWAYS_SEARCH_USER_PATHS = NO;
				ASSETCATALOG_COMPILER_GENERATE_SWIFT_ASSET_SYMBOL_EXTENSIONS = YES;
				CLANG_ANALYZER_NONNULL = YES;
				CLANG_ANALYZER_NUMBER_OBJECT_CONVERSION = YES_AGGRESSIVE;
				CLANG_CXX_LANGUAGE_STANDARD = "gnu++20";
				CLANG_ENABLE_MODULES = YES;
				CLANG_ENABLE_OBJC_ARC = YES;
				CLANG_ENABLE_OBJC_WEAK = YES;
				CLANG_WARN_BLOCK_CAPTURE_AUTORELEASING = YES;
				CLANG_WARN_BOOL_CONVERSION = YES;
				CLANG_WARN_COMMA = YES;
				CLANG_WARN_CONSTANT_CONVERSION = YES;
				CLANG_WARN_DEPRECATED_OBJC_IMPLEMENTATIONS = YES;
				CLANG_WARN_DIRECT_OBJC_ISA_USAGE = YES_ERROR;
				CLANG_WARN_DOCUMENTATION_COMMENTS = YES;
				CLANG_WARN_EMPTY_BODY = YES;
				CLANG_WARN_ENUM_CONVERSION = YES;
				CLANG_WARN_INFINITE_RECURSION = YES;
				CLANG_WARN_INT_CONVERSION = YES;
				CLANG_WARN_NON_LITERAL_NULL_CONVERSION = YES;
				CLANG_WARN_OBJC_IMPLICIT_RETAIN_SELF = YES;
				CLANG_WARN_OBJC_LITERAL_CONVERSION = YES;
				CLANG_WARN_OBJC_ROOT_CLASS = YES_ERROR;
				CLANG_WARN_QUOTED_INCLUDE_IN_FRAMEWORK_HEADER = YES;
				CLANG_WARN_RANGE_LOOP_ANALYSIS = YES;
				CLANG_WARN_STRICT_PROTOTYPES = YES;
				CLANG_WARN_SUSPICIOUS_MOVE = YES;
				CLANG_WARN_UNGUARDED_AVAILABILITY = YES_AGGRESSIVE;
				CLANG_WARN_UNREACHABLE_CODE = YES;
				CLANG_WARN__DUPLICATE_METHOD_MATCH = YES;
				COPY_PHASE_STRIP = NO;
				DEBUG_INFORMATION_FORMAT = "dwarf-with-dsym";
				ENABLE_NS_ASSERTIONS = NO;
				ENABLE_STRICT_OBJC_MSGSEND = YES;
				ENABLE_USER_SCRIPT_SANDBOXING = YES;
				GCC_C_LANGUAGE_STANDARD = gnu17;
				GCC_NO_COMMON_BLOCKS = YES;
				GCC_WARN_64_TO_32_BIT_CONVERSION = YES;
				GCC_WARN_ABOUT_RETURN_TYPE = YES_ERROR;
				GCC_WARN_UNDECLARED_SELECTOR = YES;
				GCC_WARN_UNINITIALIZED_AUTOS = YES_AGGRESSIVE;
				GCC_WARN_UNUSED_FUNCTION = YES;
				GCC_WARN_UNUSED_VARIABLE = YES;
				IPHONEOS_DEPLOYMENT_TARGET = 17.2;
				LOCALIZATION_PREFERS_STRING_CATALOGS = YES;
				MTL_ENABLE_DEBUG_INFO = NO;
				MTL_FAST_MATH = YES;
				SDKROOT = iphoneos;
				SWIFT_COMPILATION_MODE = wholemodule;
				VALIDATE_PRODUCT = YES;
			};
			name = Release;
		};
		E9CE5F582B8DFFA200683B83 /* Debug */ = {
			isa = XCBuildConfiguration;
			buildSettings = {
				ASSETCATALOG_COMPILER_APPICON_NAME = AppIcon;
				ASSETCATALOG_COMPILER_GLOBAL_ACCENT_COLOR_NAME = AccentColor;
				CODE_SIGN_STYLE = Automatic;
				CURRENT_PROJECT_VERSION = 1;
				DEVELOPMENT_ASSET_PATHS = "\"News/Preview Content\"";
				ENABLE_PREVIEWS = YES;
				GENERATE_INFOPLIST_FILE = YES;
				INFOPLIST_KEY_UIApplicationSceneManifest_Generation = YES;
				INFOPLIST_KEY_UIApplicationSupportsIndirectInputEvents = YES;
				INFOPLIST_KEY_UILaunchScreen_Generation = YES;
				INFOPLIST_KEY_UISupportedInterfaceOrientations_iPad = "UIInterfaceOrientationPortrait UIInterfaceOrientationPortraitUpsideDown UIInterfaceOrientationLandscapeLeft UIInterfaceOrientationLandscapeRight";
				INFOPLIST_KEY_UISupportedInterfaceOrientations_iPhone = "UIInterfaceOrientationPortrait UIInterfaceOrientationLandscapeLeft UIInterfaceOrientationLandscapeRight";
				LD_RUNPATH_SEARCH_PATHS = (
					"$(inherited)",
					"@executable_path/Frameworks",
				);
				MARKETING_VERSION = 1.0;
				PRODUCT_BUNDLE_IDENTIFIER = kbtuIos.News;
				PRODUCT_NAME = "$(TARGET_NAME)";
				SWIFT_EMIT_LOC_STRINGS = YES;
				SWIFT_VERSION = 5.0;
				TARGETED_DEVICE_FAMILY = "1,2";
			};
			name = Debug;
		};
		E9CE5F592B8DFFA200683B83 /* Release */ = {
			isa = XCBuildConfiguration;
			buildSettings = {
				ASSETCATALOG_COMPILER_APPICON_NAME = AppIcon;
				ASSETCATALOG_COMPILER_GLOBAL_ACCENT_COLOR_NAME = AccentColor;
				CODE_SIGN_STYLE = Automatic;
				CURRENT_PROJECT_VERSION = 1;
				DEVELOPMENT_ASSET_PATHS = "\"News/Preview Content\"";
				ENABLE_PREVIEWS = YES;
				GENERATE_INFOPLIST_FILE = YES;
				INFOPLIST_KEY_UIApplicationSceneManifest_Generation = YES;
				INFOPLIST_KEY_UIApplicationSupportsIndirectInputEvents = YES;
				INFOPLIST_KEY_UILaunchScreen_Generation = YES;
				INFOPLIST_KEY_UISupportedInterfaceOrientations_iPad = "UIInterfaceOrientationPortrait UIInterfaceOrientationPortraitUpsideDown UIInterfaceOrientationLandscapeLeft UIInterfaceOrientationLandscapeRight";
				INFOPLIST_KEY_UISupportedInterfaceOrientations_iPhone = "UIInterfaceOrientationPortrait UIInterfaceOrientationLandscapeLeft UIInterfaceOrientationLandscapeRight";
				LD_RUNPATH_SEARCH_PATHS = (
					"$(inherited)",
					"@executable_path/Frameworks",
				);
				MARKETING_VERSION = 1.0;
				PRODUCT_BUNDLE_IDENTIFIER = kbtuIos.News;
				PRODUCT_NAME = "$(TARGET_NAME)";
				SWIFT_EMIT_LOC_STRINGS = YES;
				SWIFT_VERSION = 5.0;
				TARGETED_DEVICE_FAMILY = "1,2";
			};
			name = Release;
		};
/* End XCBuildConfiguration section */

/* Begin XCConfigurationList section */
		E9CE5F442B8DFFA000683B83 /* Build configuration list for PBXProject "News" */ = {
			isa = XCConfigurationList;
			buildConfigurations = (
				E9CE5F552B8DFFA200683B83 /* Debug */,
				E9CE5F562B8DFFA200683B83 /* Release */,
			);
			defaultConfigurationIsVisible = 0;
			defaultConfigurationName = Release;
		};
		E9CE5F572B8DFFA200683B83 /* Build configuration list for PBXNativeTarget "News" */ = {
			isa = XCConfigurationList;
			buildConfigurations = (
				E9CE5F582B8DFFA200683B83 /* Debug */,
				E9CE5F592B8DFFA200683B83 /* Release */,
			);
			defaultConfigurationIsVisible = 0;
			defaultConfigurationName = Release;
		};
/* End XCConfigurationList section */
	};
	rootObject = E9CE5F412B8DFFA000683B83 /* Project object */;
}
